
Microsoft Visual Studio Solution File, Format Version 12.00
# Visual Studio Version 17
VisualStudioVersion = 17.14.36301.6
MinimumVisualStudioVersion = 10.0.40219.1
Project("{FAE04EC0-301F-11D3-BF4B-00C04F79EFBC}") = "WabiSabiBridge", "WabiSabiBridge.csproj", "{DAFBF5D9-9C74-C0E7-E8BF-CBBC8479B862}"
EndProject
Global
	GlobalSection(SolutionConfigurationPlatforms) = preSolution
		Debug|Any CPU = Debug|Any CPU
		Release|Any CPU = Release|Any CPU
	EndGlobalSection
	GlobalSection(ProjectConfigurationPlatforms) = postSolution
		{DAFBF5D9-9C74-C0E7-E8BF-CBBC8479B862}.Debug|Any CPU.ActiveCfg = Debug|Any CPU
		{DAFBF5D9-9C74-C0E7-E8BF-CBBC8479B862}.Debug|Any CPU.Build.0 = Debug|Any CPU
		{DAFBF5D9-9C74-C0E7-E8BF-CBBC8479B862}.Release|Any CPU.ActiveCfg = Release|Any CPU
		{DAFBF5D9-9C74-C0E7-E8BF-CBBC8479B862}.Release|Any CPU.Build.0 = Release|Any CPU
	EndGlobalSection
	GlobalSection(SolutionProperties) = preSolution
		HideSolutionNode = FALSE
	EndGlobalSection
	GlobalSection(ExtensibilityGlobals) = postSolution
		SolutionGuid = {B05E0B46-84AA-47B2-81A9-ACBE5108DA34}
	EndGlobalSection
EndGlobal
